
Microsoft Visual Studio Solution File, Format Version 12.00
# Visual Studio 15
VisualStudioVersion = 15.0.25807.0
MinimumVisualStudioVersion = 10.0.40219.1
Project("{2150E333-8FDC-42A3-9474-1A3956D46DE8}") = "Engine", "Engine", "{E7584266-599F-4AE1-BC18-D595888DEF77}"
EndProject
Project("{2150E333-8FDC-42A3-9474-1A3956D46DE8}") = "Games", "Games", "{3C12B5FF-A482-4508-A75F-B41066FCDC00}"
EndProject
Project("{8BC9CEB8-8B4A-11D0-8D11-00A0C91BC942}") = "UE4", "Intermediate\ProjectFiles\UE4.vcxproj", "{AD02EC0E-3E00-4A7E-ACE0-0B529AD23DA6}"
EndProject
Project("{8BC9CEB8-8B4A-11D0-8D11-00A0C91BC942}") = "BattleTank", "Intermediate\ProjectFiles\BattleTank.vcxproj", "{1C638103-C678-4CC1-8AD9-4AC6A4259F8B}"
EndProject
Global
	GlobalSection(SolutionConfigurationPlatforms) = preSolution
		DebugGame Editor|HTML5 = DebugGame Editor|HTML5
		DebugGame Editor|Win32 = DebugGame Editor|Win32
		DebugGame Editor|Win64 = DebugGame Editor|Win64
		DebugGame|HTML5 = DebugGame|HTML5
		DebugGame|Win32 = DebugGame|Win32
		DebugGame|Win64 = DebugGame|Win64
		Development Editor|HTML5 = Development Editor|HTML5
		Development Editor|Win32 = Development Editor|Win32
		Development Editor|Win64 = Development Editor|Win64
		Development|HTML5 = Development|HTML5
		Development|Win32 = Development|Win32
		Development|Win64 = Development|Win64
		Shipping|HTML5 = Shipping|HTML5
		Shipping|Win32 = Shipping|Win32
		Shipping|Win64 = Shipping|Win64
	EndGlobalSection
	GlobalSection(ProjectConfigurationPlatforms) = postSolution
		{AD02EC0E-3E00-4A7E-ACE0-0B529AD23DA6}.DebugGame Editor|HTML5.ActiveCfg = BuiltWithUnrealBuildTool|Win32
		{AD02EC0E-3E00-4A7E-ACE0-0B529AD23DA6}.DebugGame Editor|HTML5.Build.0 = BuiltWithUnrealBuildTool|Win32
		{AD02EC0E-3E00-4A7E-ACE0-0B529AD23DA6}.DebugGame Editor|Win32.ActiveCfg = BuiltWithUnrealBuildTool|Win32
		{AD02EC0E-3E00-4A7E-ACE0-0B529AD23DA6}.DebugGame Editor|Win32.Build.0 = BuiltWithUnrealBuildTool|Win32
		{AD02EC0E-3E00-4A7E-ACE0-0B529AD23DA6}.DebugGame Editor|Win64.ActiveCfg = BuiltWithUnrealBuildTool|Win32
		{AD02EC0E-3E00-4A7E-ACE0-0B529AD23DA6}.DebugGame Editor|Win64.Build.0 = BuiltWithUnrealBuildTool|Win32
		{AD02EC0E-3E00-4A7E-ACE0-0B529AD23DA6}.DebugGame|HTML5.ActiveCfg = BuiltWithUnrealBuildTool|Win32
		{AD02EC0E-3E00-4A7E-ACE0-0B529AD23DA6}.DebugGame|HTML5.Build.0 = BuiltWithUnrealBuildTool|Win32
		{AD02EC0E-3E00-4A7E-ACE0-0B529AD23DA6}.DebugGame|Win32.ActiveCfg = BuiltWithUnrealBuildTool|Win32
		{AD02EC0E-3E00-4A7E-ACE0-0B529AD23DA6}.DebugGame|Win32.Build.0 = BuiltWithUnrealBuildTool|Win32
		{AD02EC0E-3E00-4A7E-ACE0-0B529AD23DA6}.DebugGame|Win64.ActiveCfg = BuiltWithUnrealBuildTool|Win32
		{AD02EC0E-3E00-4A7E-ACE0-0B529AD23DA6}.DebugGame|Win64.Build.0 = BuiltWithUnrealBuildTool|Win32
		{AD02EC0E-3E00-4A7E-ACE0-0B529AD23DA6}.Development Editor|HTML5.ActiveCfg = BuiltWithUnrealBuildTool|Win32
		{AD02EC0E-3E00-4A7E-ACE0-0B529AD23DA6}.Development Editor|HTML5.Build.0 = BuiltWithUnrealBuildTool|Win32
		{AD02EC0E-3E00-4A7E-ACE0-0B529AD23DA6}.Development Editor|Win32.ActiveCfg = BuiltWithUnrealBuildTool|Win32
		{AD02EC0E-3E00-4A7E-ACE0-0B529AD23DA6}.Development Editor|Win32.Build.0 = BuiltWithUnrealBuildTool|Win32
		{AD02EC0E-3E00-4A7E-ACE0-0B529AD23DA6}.Development Editor|Win64.ActiveCfg = BuiltWithUnrealBuildTool|Win32
		{AD02EC0E-3E00-4A7E-ACE0-0B529AD23DA6}.Development Editor|Win64.Build.0 = BuiltWithUnrealBuildTool|Win32
		{AD02EC0E-3E00-4A7E-ACE0-0B529AD23DA6}.Development|HTML5.ActiveCfg = BuiltWithUnrealBuildTool|Win32
		{AD02EC0E-3E00-4A7E-ACE0-0B529AD23DA6}.Development|HTML5.Build.0 = BuiltWithUnrealBuildTool|Win32
		{AD02EC0E-3E00-4A7E-ACE0-0B529AD23DA6}.Development|Win32.ActiveCfg = BuiltWithUnrealBuildTool|Win32
		{AD02EC0E-3E00-4A7E-ACE0-0B529AD23DA6}.Development|Win32.Build.0 = BuiltWithUnrealBuildTool|Win32
		{AD02EC0E-3E00-4A7E-ACE0-0B529AD23DA6}.Development|Win64.ActiveCfg = BuiltWithUnrealBuildTool|Win32
		{AD02EC0E-3E00-4A7E-ACE0-0B529AD23DA6}.Development|Win64.Build.0 = BuiltWithUnrealBuildTool|Win32
		{AD02EC0E-3E00-4A7E-ACE0-0B529AD23DA6}.Shipping|HTML5.ActiveCfg = BuiltWithUnrealBuildTool|Win32
		{AD02EC0E-3E00-4A7E-ACE0-0B529AD23DA6}.Shipping|HTML5.Build.0 = BuiltWithUnrealBuildTool|Win32
		{AD02EC0E-3E00-4A7E-ACE0-0B529AD23DA6}.Shipping|Win32.ActiveCfg = BuiltWithUnrealBuildTool|Win32
		{AD02EC0E-3E00-4A7E-ACE0-0B529AD23DA6}.Shipping|Win32.Build.0 = BuiltWithUnrealBuildTool|Win32
		{AD02EC0E-3E00-4A7E-ACE0-0B529AD23DA6}.Shipping|Win64.ActiveCfg = BuiltWithUnrealBuildTool|Win32
		{AD02EC0E-3E00-4A7E-ACE0-0B529AD23DA6}.Shipping|Win64.Build.0 = BuiltWithUnrealBuildTool|Win32
		{1C638103-C678-4CC1-8AD9-4AC6A4259F8B}.DebugGame Editor|HTML5.ActiveCfg = HTML5_DebugGame_Editor|Win32
		{1C638103-C678-4CC1-8AD9-4AC6A4259F8B}.DebugGame Editor|Win32.ActiveCfg = DebugGame_Editor|Win32
		{1C638103-C678-4CC1-8AD9-4AC6A4259F8B}.DebugGame Editor|Win64.ActiveCfg = DebugGame_Editor|x64
		{1C638103-C678-4CC1-8AD9-4AC6A4259F8B}.DebugGame Editor|Win64.Build.0 = DebugGame_Editor|x64
		{1C638103-C678-4CC1-8AD9-4AC6A4259F8B}.DebugGame|HTML5.ActiveCfg = HTML5_DebugGame_Game|Win32
		{1C638103-C678-4CC1-8AD9-4AC6A4259F8B}.DebugGame|HTML5.Build.0 = HTML5_DebugGame_Game|Win32
		{1C638103-C678-4CC1-8AD9-4AC6A4259F8B}.DebugGame|Win32.ActiveCfg = DebugGame_Game|Win32
		{1C638103-C678-4CC1-8AD9-4AC6A4259F8B}.DebugGame|Win32.Build.0 = DebugGame_Game|Win32
		{1C638103-C678-4CC1-8AD9-4AC6A4259F8B}.DebugGame|Win64.ActiveCfg = DebugGame_Game|x64
		{1C638103-C678-4CC1-8AD9-4AC6A4259F8B}.DebugGame|Win64.Build.0 = DebugGame_Game|x64
		{1C638103-C678-4CC1-8AD9-4AC6A4259F8B}.Development Editor|HTML5.ActiveCfg = HTML5_Development_Editor|Win32
		{1C638103-C678-4CC1-8AD9-4AC6A4259F8B}.Development Editor|Win32.ActiveCfg = Development_Editor|Win32
		{1C638103-C678-4CC1-8AD9-4AC6A4259F8B}.Development Editor|Win64.ActiveCfg = Development_Editor|x64
		{1C638103-C678-4CC1-8AD9-4AC6A4259F8B}.Development Editor|Win64.Build.0 = Development_Editor|x64
		{1C638103-C678-4CC1-8AD9-4AC6A4259F8B}.Development|HTML5.ActiveCfg = HTML5_Development_Game|Win32
		{1C638103-C678-4CC1-8AD9-4AC6A4259F8B}.Development|HTML5.Build.0 = HTML5_Development_Game|Win32
		{1C638103-C678-4CC1-8AD9-4AC6A4259F8B}.Development|Win32.ActiveCfg = Development_Game|Win32
		{1C638103-C678-4CC1-8AD9-4AC6A4259F8B}.Development|Win32.Build.0 = Development_Game|Win32
		{1C638103-C678-4CC1-8AD9-4AC6A4259F8B}.Development|Win64.ActiveCfg = Development_Game|x64
		{1C638103-C678-4CC1-8AD9-4AC6A4259F8B}.Development|Win64.Build.0 = Development_Game|x64
		{1C638103-C678-4CC1-8AD9-4AC6A4259F8B}.Shipping|HTML5.ActiveCfg = HTML5_Shipping_Game|Win32
		{1C638103-C678-4CC1-8AD9-4AC6A4259F8B}.Shipping|HTML5.Build.0 = HTML5_Shipping_Game|Win32
		{1C638103-C678-4CC1-8AD9-4AC6A4259F8B}.Shipping|Win32.ActiveCfg = Shipping_Game|Win32
		{1C638103-C678-4CC1-8AD9-4AC6A4259F8B}.Shipping|Win32.Build.0 = Shipping_Game|Win32
		{1C638103-C678-4CC1-8AD9-4AC6A4259F8B}.Shipping|Win64.ActiveCfg = Shipping_Game|x64
		{1C638103-C678-4CC1-8AD9-4AC6A4259F8B}.Shipping|Win64.Build.0 = Shipping_Game|x64
	EndGlobalSection
	GlobalSection(SolutionProperties) = preSolution
		HideSolutionNode = FALSE
	EndGlobalSection
	GlobalSection(NestedProjects) = preSolution
		{AD02EC0E-3E00-4A7E-ACE0-0B529AD23DA6} = {E7584266-599F-4AE1-BC18-D595888DEF77}
		{1C638103-C678-4CC1-8AD9-4AC6A4259F8B} = {3C12B5FF-A482-4508-A75F-B41066FCDC00}
	EndGlobalSection
	GlobalSection(ExtensibilityGlobals) = postSolution
		SolutionGuid = {6623EECA-8BCD-4FD8-933F-721999085A9D}
	EndGlobalSection
EndGlobal
